
Microsoft Visual Studio Solution File, Format Version 12.00
# Visual Studio 15
VisualStudioVersion = 15.0.28010.2048
MinimumVisualStudioVersion = 10.0.40219.1
Project("{FAE04EC0-301F-11D3-BF4B-00C04F79EFBC}") = "ChatToSanta", "ChatToSanta\ChatToSanta.csproj", "{2FF4C7DF-78F4-4509-9495-A4C28B71BAA7}"
EndProject
Global
	GlobalSection(SolutionConfigurationPlatforms) = preSolution
		Debug|Any CPU = Debug|Any CPU
		Release|Any CPU = Release|Any CPU
	EndGlobalSection
	GlobalSection(ProjectConfigurationPlatforms) = postSolution
		{2FF4C7DF-78F4-4509-9495-A4C28B71BAA7}.Debug|Any CPU.ActiveCfg = Debug|Any CPU
		{2FF4C7DF-78F4-4509-9495-A4C28B71BAA7}.Debug|Any CPU.Build.0 = Debug|Any CPU
		{2FF4C7DF-78F4-4509-9495-A4C28B71BAA7}.Release|Any CPU.ActiveCfg = Release|Any CPU
		{2FF4C7DF-78F4-4509-9495-A4C28B71BAA7}.Release|Any CPU.Build.0 = Release|Any CPU
	EndGlobalSection
	GlobalSection(SolutionProperties) = preSolution
		HideSolutionNode = FALSE
	EndGlobalSection
	GlobalSection(ExtensibilityGlobals) = postSolution
		SolutionGuid = {FC987F4B-303E-4EE6-B4F5-06DC8328B4DE}
	EndGlobalSection
EndGlobal
